
Microsoft Visual Studio Solution File, Format Version 12.00
# Visual Studio Version 17
VisualStudioVersion = 17.10.35027.167
MinimumVisualStudioVersion = 10.0.40219.1
Project("{FAE04EC0-301F-11D3-BF4B-00C04F79EFBC}") = "OfiPecas", "OfiPecas.csproj", "{FE1AB810-1D9B-462B-BD94-D08F031FA0ED}"
EndProject
Global
	GlobalSection(SolutionConfigurationPlatforms) = preSolution
		Debug|Any CPU = Debug|Any CPU
		Release|Any CPU = Release|Any CPU
	EndGlobalSection
	GlobalSection(ProjectConfigurationPlatforms) = postSolution
		{FE1AB810-1D9B-462B-BD94-D08F031FA0ED}.Debug|Any CPU.ActiveCfg = Debug|Any CPU
		{FE1AB810-1D9B-462B-BD94-D08F031FA0ED}.Debug|Any CPU.Build.0 = Debug|Any CPU
		{FE1AB810-1D9B-462B-BD94-D08F031FA0ED}.Release|Any CPU.ActiveCfg = Release|Any CPU
		{FE1AB810-1D9B-462B-BD94-D08F031FA0ED}.Release|Any CPU.Build.0 = Release|Any CPU
	EndGlobalSection
	GlobalSection(SolutionProperties) = preSolution
		HideSolutionNode = FALSE
	EndGlobalSection
	GlobalSection(ExtensibilityGlobals) = postSolution
		SolutionGuid = {816CF1B7-02FF-4FBC-BC4D-5CF6FAA7492D}
	EndGlobalSection
EndGlobal
